
Microsoft Visual Studio Solution File, Format Version 12.00
# Visual Studio for Mac
Project("{FAE04EC0-301F-11D3-BF4B-00C04F79EFBC}") = "ULuaUnityDemo", "ULuaUnityDemo.csproj", "{26031990-20DE-4E66-E3AC-9C6648A46AB7}"
EndProject
Project("{FAE04EC0-301F-11D3-BF4B-00C04F79EFBC}") = "ULuaUnityDemo.Editor", "ULuaUnityDemo.Editor.csproj", "{4D882530-5E38-7DEA-CF5D-0DEABCFCF8E4}"
EndProject
Global
	GlobalSection(SolutionConfigurationPlatforms) = preSolution
		Debug|Any CPU = Debug|Any CPU
		Release|Any CPU = Release|Any CPU
	EndGlobalSection
	GlobalSection(ProjectConfigurationPlatforms) = postSolution
		{26031990-20DE-4E66-E3AC-9C6648A46AB7}.Debug|Any CPU.ActiveCfg = Debug|Any CPU
		{26031990-20DE-4E66-E3AC-9C6648A46AB7}.Debug|Any CPU.Build.0 = Debug|Any CPU
		{26031990-20DE-4E66-E3AC-9C6648A46AB7}.Release|Any CPU.ActiveCfg = Release|Any CPU
		{26031990-20DE-4E66-E3AC-9C6648A46AB7}.Release|Any CPU.Build.0 = Release|Any CPU
		{4D882530-5E38-7DEA-CF5D-0DEABCFCF8E4}.Debug|Any CPU.ActiveCfg = Debug|Any CPU
		{4D882530-5E38-7DEA-CF5D-0DEABCFCF8E4}.Debug|Any CPU.Build.0 = Debug|Any CPU
		{4D882530-5E38-7DEA-CF5D-0DEABCFCF8E4}.Release|Any CPU.ActiveCfg = Release|Any CPU
		{4D882530-5E38-7DEA-CF5D-0DEABCFCF8E4}.Release|Any CPU.Build.0 = Release|Any CPU
	EndGlobalSection
	GlobalSection(SolutionProperties) = preSolution
		HideSolutionNode = FALSE
	EndGlobalSection
EndGlobal
